
Microsoft Visual Studio Solution File, Format Version 12.00
# Visual Studio Version 16
VisualStudioVersion = 16.0.29926.136
MinimumVisualStudioVersion = 10.0.40219.1
Project("{9A19103F-16F7-4668-BE54-9A1E7A4F7556}") = "eShopSolution.WebApp", "eShopSolution.WebApp.csproj", "{7447A05C-1B1A-4E02-8802-E69AB1CD86FF}"
EndProject
Project("{9A19103F-16F7-4668-BE54-9A1E7A4F7556}") = "eShopSolution.Data", "..\eShopSolution.Data\eShopSolution.Data.csproj", "{0F1A7597-4827-459E-B19D-A369D41B0CB0}"
EndProject
Project("{9A19103F-16F7-4668-BE54-9A1E7A4F7556}") = "eShopSolution.Application", "..\eShopSolution.Application\eShopSolution.Application.csproj", "{83E68CAF-9942-4B26-A11E-7D9C98BC66A2}"
EndProject
Project("{9A19103F-16F7-4668-BE54-9A1E7A4F7556}") = "eShop.Utilities", "..\eShop.Utilities\eShop.Utilities.csproj", "{AB088D50-7672-464B-B3E9-B4BA8A4BD617}"
EndProject
Project("{9A19103F-16F7-4668-BE54-9A1E7A4F7556}") = "eShopSolution.ViewModels", "..\eShopSolution.ViewModels\eShopSolution.ViewModels.csproj", "{73D02F1D-869C-45FF-9B01-3E0008D7AEF2}"
EndProject
Project("{9A19103F-16F7-4668-BE54-9A1E7A4F7556}") = "eShopSolution.BackEndApi", "..\eShopSolution.BackEndApi\eShopSolution.BackEndApi.csproj", "{D72238CC-266C-4924-B77F-17067F609A7D}"
EndProject
Project("{2150E333-8FDC-42A3-9474-1A3956D46DE8}") = "1.Infrastructure", "1.Infrastructure", "{583C81CC-9528-4DAD-9B19-279D51883028}"
EndProject
Project("{2150E333-8FDC-42A3-9474-1A3956D46DE8}") = "2.Domain", "2.Domain", "{F40244B7-CE29-4AAC-9943-D94DAA9BC3B3}"
EndProject
Project("{2150E333-8FDC-42A3-9474-1A3956D46DE8}") = "3.Host", "3.Host", "{61A8C4FF-1959-402E-A867-41A117ECBD7E}"
EndProject
Project("{2150E333-8FDC-42A3-9474-1A3956D46DE8}") = "0.SolutionItems", "0.SolutionItems", "{CC84F258-534D-47C4-8AC3-C31EB4A82823}"
	ProjectSection(SolutionItems) = preProject
		README.md = README.md
	EndProjectSection
EndProject
Global
	GlobalSection(SolutionConfigurationPlatforms) = preSolution
		Debug|Any CPU = Debug|Any CPU
		Release|Any CPU = Release|Any CPU
	EndGlobalSection
	GlobalSection(ProjectConfigurationPlatforms) = postSolution
		{7447A05C-1B1A-4E02-8802-E69AB1CD86FF}.Debug|Any CPU.ActiveCfg = Debug|Any CPU
		{7447A05C-1B1A-4E02-8802-E69AB1CD86FF}.Debug|Any CPU.Build.0 = Debug|Any CPU
		{7447A05C-1B1A-4E02-8802-E69AB1CD86FF}.Release|Any CPU.ActiveCfg = Release|Any CPU
		{7447A05C-1B1A-4E02-8802-E69AB1CD86FF}.Release|Any CPU.Build.0 = Release|Any CPU
		{0F1A7597-4827-459E-B19D-A369D41B0CB0}.Debug|Any CPU.ActiveCfg = Debug|Any CPU
		{0F1A7597-4827-459E-B19D-A369D41B0CB0}.Debug|Any CPU.Build.0 = Debug|Any CPU
		{0F1A7597-4827-459E-B19D-A369D41B0CB0}.Release|Any CPU.ActiveCfg = Release|Any CPU
		{0F1A7597-4827-459E-B19D-A369D41B0CB0}.Release|Any CPU.Build.0 = Release|Any CPU
		{83E68CAF-9942-4B26-A11E-7D9C98BC66A2}.Debug|Any CPU.ActiveCfg = Debug|Any CPU
		{83E68CAF-9942-4B26-A11E-7D9C98BC66A2}.Debug|Any CPU.Build.0 = Debug|Any CPU
		{83E68CAF-9942-4B26-A11E-7D9C98BC66A2}.Release|Any CPU.ActiveCfg = Release|Any CPU
		{83E68CAF-9942-4B26-A11E-7D9C98BC66A2}.Release|Any CPU.Build.0 = Release|Any CPU
		{AB088D50-7672-464B-B3E9-B4BA8A4BD617}.Debug|Any CPU.ActiveCfg = Debug|Any CPU
		{AB088D50-7672-464B-B3E9-B4BA8A4BD617}.Debug|Any CPU.Build.0 = Debug|Any CPU
		{AB088D50-7672-464B-B3E9-B4BA8A4BD617}.Release|Any CPU.ActiveCfg = Release|Any CPU
		{AB088D50-7672-464B-B3E9-B4BA8A4BD617}.Release|Any CPU.Build.0 = Release|Any CPU
		{73D02F1D-869C-45FF-9B01-3E0008D7AEF2}.Debug|Any CPU.ActiveCfg = Debug|Any CPU
		{73D02F1D-869C-45FF-9B01-3E0008D7AEF2}.Debug|Any CPU.Build.0 = Debug|Any CPU
		{73D02F1D-869C-45FF-9B01-3E0008D7AEF2}.Release|Any CPU.ActiveCfg = Release|Any CPU
		{73D02F1D-869C-45FF-9B01-3E0008D7AEF2}.Release|Any CPU.Build.0 = Release|Any CPU
		{D72238CC-266C-4924-B77F-17067F609A7D}.Debug|Any CPU.ActiveCfg = Debug|Any CPU
		{D72238CC-266C-4924-B77F-17067F609A7D}.Debug|Any CPU.Build.0 = Debug|Any CPU
		{D72238CC-266C-4924-B77F-17067F609A7D}.Release|Any CPU.ActiveCfg = Release|Any CPU
		{D72238CC-266C-4924-B77F-17067F609A7D}.Release|Any CPU.Build.0 = Release|Any CPU
	EndGlobalSection
	GlobalSection(SolutionProperties) = preSolution
		HideSolutionNode = FALSE
	EndGlobalSection
	GlobalSection(NestedProjects) = preSolution
		{7447A05C-1B1A-4E02-8802-E69AB1CD86FF} = {61A8C4FF-1959-402E-A867-41A117ECBD7E}
		{0F1A7597-4827-459E-B19D-A369D41B0CB0} = {F40244B7-CE29-4AAC-9943-D94DAA9BC3B3}
		{83E68CAF-9942-4B26-A11E-7D9C98BC66A2} = {F40244B7-CE29-4AAC-9943-D94DAA9BC3B3}
		{AB088D50-7672-464B-B3E9-B4BA8A4BD617} = {583C81CC-9528-4DAD-9B19-279D51883028}
		{73D02F1D-869C-45FF-9B01-3E0008D7AEF2} = {583C81CC-9528-4DAD-9B19-279D51883028}
		{D72238CC-266C-4924-B77F-17067F609A7D} = {61A8C4FF-1959-402E-A867-41A117ECBD7E}
	EndGlobalSection
	GlobalSection(ExtensibilityGlobals) = postSolution
		SolutionGuid = {A9C48C0C-9B9C-4004-A983-EE3BDB1652DA}
	EndGlobalSection
EndGlobal
